// !$*UTF8*$!
{
	archiveVersion = 1;
	classes = {
	};
	objectVersion = 50;
	objects = {

/* Begin PBXBuildFile section */
		195F748820D624DD00A8C647 /* AppDelegate.swift in Sources */ = {isa = PBXBuildFile; fileRef = 195F748720D624DD00A8C647 /* AppDelegate.swift */; };
		195F748A20D624DD00A8C647 /* ViewController.swift in Sources */ = {isa = PBXBuildFile; fileRef = 195F748920D624DD00A8C647 /* ViewController.swift */; };
		195F748D20D624DD00A8C647 /* Main.storyboard in Resources */ = {isa = PBXBuildFile; fileRef = 195F748B20D624DD00A8C647 /* Main.storyboard */; };
		195F748F20D624E000A8C647 /* Assets.xcassets in Resources */ = {isa = PBXBuildFile; fileRef = 195F748E20D624E000A8C647 /* Assets.xcassets */; };
		195F749220D624E000A8C647 /* LaunchScreen.storyboard in Resources */ = {isa = PBXBuildFile; fileRef = 195F749020D624E000A8C647 /* LaunchScreen.storyboard */; };
		195F749D20D624E000A8C647 /* QLearnerDemoTests.swift in Sources */ = {isa = PBXBuildFile; fileRef = 195F749C20D624E000A8C647 /* QLearnerDemoTests.swift */; };
/* End PBXBuildFile section */

/* Begin PBXContainerItemProxy section */
		195F749920D624E000A8C647 /* PBXContainerItemProxy */ = {
			isa = PBXContainerItemProxy;
			containerPortal = 195F747C20D624DD00A8C647 /* Project object */;
			proxyType = 1;
			remoteGlobalIDString = 195F748320D624DD00A8C647;
			remoteInfo = QLearnerDemo;
		};
/* End PBXContainerItemProxy section */

/* Begin PBXFileReference section */
		195F748420D624DD00A8C647 /* QLearnerDemo.app */ = {isa = PBXFileReference; explicitFileType = wrapper.application; includeInIndex = 0; path = QLearnerDemo.app; sourceTree = BUILT_PRODUCTS_DIR; };
		195F748720D624DD00A8C647 /* AppDelegate.swift */ = {isa = PBXFileReference; lastKnownFileType = sourcecode.swift; path = AppDelegate.swift; sourceTree = "<group>"; };
		195F748920D624DD00A8C647 /* ViewController.swift */ = {isa = PBXFileReference; lastKnownFileType = sourcecode.swift; path = ViewController.swift; sourceTree = "<group>"; };
		195F748C20D624DD00A8C647 /* Base */ = {isa = PBXFileReference; lastKnownFileType = file.storyboard; name = Base; path = Base.lproj/Main.storyboard; sourceTree = "<group>"; };
		195F748E20D624E000A8C647 /* Assets.xcassets */ = {isa = PBXFileReference; lastKnownFileType = folder.assetcatalog; path = Assets.xcassets; sourceTree = "<group>"; };
		195F749120D624E000A8C647 /* Base */ = {isa = PBXFileReference; lastKnownFileType = file.storyboard; name = Base; path = Base.lproj/LaunchScreen.storyboard; sourceTree = "<group>"; };
		195F749320D624E000A8C647 /* Info.plist */ = {isa = PBXFileReference; lastKnownFileType = text.plist.xml; path = Info.plist; sourceTree = "<group>"; };
		195F749820D624E000A8C647 /* QLearnerDemoTests.xctest */ = {isa = PBXFileReference; explicitFileType = wrapper.cfbundle; includeInIndex = 0; path = QLearnerDemoTests.xctest; sourceTree = BUILT_PRODUCTS_DIR; };
		195F749C20D624E000A8C647 /* QLearnerDemoTests.swift */ = {isa = PBXFileReference; lastKnownFileType = sourcecode.swift; path = QLearnerDemoTests.swift; sourceTree = "<group>"; };
		195F749E20D624E000A8C647 /* Info.plist */ = {isa = PBXFileReference; lastKnownFileType = text.plist.xml; path = Info.plist; sourceTree = "<group>"; };
/* End PBXFileReference section */

/* Begin PBXFrameworksBuildPhase section */
		195F748120D624DD00A8C647 /* Frameworks */ = {
			isa = PBXFrameworksBuildPhase;
			buildActionMask = 2147483647;
			files = (
			);
			runOnlyForDeploymentPostprocessing = 0;
		};
		195F749520D624E000A8C647 /* Frameworks */ = {
			isa = PBXFrameworksBuildPhase;
			buildActionMask = 2147483647;
			files = (
			);
			runOnlyForDeploymentPostprocessing = 0;
		};
/* End PBXFrameworksBuildPhase section */

/* Begin PBXGroup section */
		195F747B20D624DD00A8C647 = {
			isa = PBXGroup;
			children = (
				195F748620D624DD00A8C647 /* QLearnerDemo */,
				195F749B20D624E000A8C647 /* QLearnerDemoTests */,
				195F748520D624DD00A8C647 /* Products */,
			);
			sourceTree = "<group>";
		};
		195F748520D624DD00A8C647 /* Products */ = {
			isa = PBXGroup;
			children = (
				195F748420D624DD00A8C647 /* QLearnerDemo.app */,
				195F749820D624E000A8C647 /* QLearnerDemoTests.xctest */,
			);
			name = Products;
			sourceTree = "<group>";
		};
		195F748620D624DD00A8C647 /* QLearnerDemo */ = {
			isa = PBXGroup;
			children = (
				195F748720D624DD00A8C647 /* AppDelegate.swift */,
				195F748920D624DD00A8C647 /* ViewController.swift */,
				195F748B20D624DD00A8C647 /* Main.storyboard */,
				195F748E20D624E000A8C647 /* Assets.xcassets */,
				195F749020D624E000A8C647 /* LaunchScreen.storyboard */,
				195F749320D624E000A8C647 /* Info.plist */,
			);
			path = QLearnerDemo;
			sourceTree = "<group>";
		};
		195F749B20D624E000A8C647 /* QLearnerDemoTests */ = {
			isa = PBXGroup;
			children = (
				195F749C20D624E000A8C647 /* QLearnerDemoTests.swift */,
				195F749E20D624E000A8C647 /* Info.plist */,
			);
			path = QLearnerDemoTests;
			sourceTree = "<group>";
		};
/* End PBXGroup section */

/* Begin PBXNativeTarget section */
		195F748320D624DD00A8C647 /* QLearnerDemo */ = {
			isa = PBXNativeTarget;
			buildConfigurationList = 195F74A120D624E000A8C647 /* Build configuration list for PBXNativeTarget "QLearnerDemo" */;
			buildPhases = (
				195F748020D624DD00A8C647 /* Sources */,
				195F748120D624DD00A8C647 /* Frameworks */,
				195F748220D624DD00A8C647 /* Resources */,
			);
			buildRules = (
			);
			dependencies = (
			);
			name = QLearnerDemo;
			productName = QLearnerDemo;
			productReference = 195F748420D624DD00A8C647 /* QLearnerDemo.app */;
			productType = "com.apple.product-type.application";
		};
		195F749720D624E000A8C647 /* QLearnerDemoTests */ = {
			isa = PBXNativeTarget;
			buildConfigurationList = 195F74A420D624E000A8C647 /* Build configuration list for PBXNativeTarget "QLearnerDemoTests" */;
			buildPhases = (
				195F749420D624E000A8C647 /* Sources */,
				195F749520D624E000A8C647 /* Frameworks */,
				195F749620D624E000A8C647 /* Resources */,
			);
			buildRules = (
			);
			dependencies = (
				195F749A20D624E000A8C647 /* PBXTargetDependency */,
			);
			name = QLearnerDemoTests;
			productName = QLearnerDemoTests;
			productReference = 195F749820D624E000A8C647 /* QLearnerDemoTests.xctest */;
			productType = "com.apple.product-type.bundle.unit-test";
		};
/* End PBXNativeTarget section */

/* Begin PBXProject section */
		195F747C20D624DD00A8C647 /* Project object */ = {
			isa = PBXProject;
			attributes = {
				LastSwiftUpdateCheck = 0940;
				LastUpgradeCheck = 0940;
				ORGANIZATIONNAME = "Alvin Yu";
				TargetAttributes = {
					195F748320D624DD00A8C647 = {
						CreatedOnToolsVersion = 9.4.1;
					};
					195F749720D624E000A8C647 = {
						CreatedOnToolsVersion = 9.4.1;
						TestTargetID = 195F748320D624DD00A8C647;
					};
				};
			};
			buildConfigurationList = 195F747F20D624DD00A8C647 /* Build configuration list for PBXProject "QLearnerDemo" */;
			compatibilityVersion = "Xcode 9.3";
			developmentRegion = en;
			hasScannedForEncodings = 0;
			knownRegions = (
				en,
				Base,
			);
			mainGroup = 195F747B20D624DD00A8C647;
			productRefGroup = 195F748520D624DD00A8C647 /* Products */;
			projectDirPath = "";
			projectRoot = "";
			targets = (
				195F748320D624DD00A8C647 /* QLearnerDemo */,
				195F749720D624E000A8C647 /* QLearnerDemoTests */,
			);
		};
/* End PBXProject section */

/* Begin PBXResourcesBuildPhase section */
		195F748220D624DD00A8C647 /* Resources */ = {
			isa = PBXResourcesBuildPhase;
			buildActionMask = 2147483647;
			files = (
				195F749220D624E000A8C647 /* LaunchScreen.storyboard in Resources */,
				195F748F20D624E000A8C647 /* Assets.xcassets in Resources */,
				195F748D20D624DD00A8C647 /* Main.storyboard in Resources */,
			);
			runOnlyForDeploymentPostprocessing = 0;
		};
		195F749620D624E000A8C647 /* Resources */ = {
			isa = PBXResourcesBuildPhase;
			buildActionMask = 2147483647;
			files = (
			);
			runOnlyForDeploymentPostprocessing = 0;
		};
/* End PBXResourcesBuildPhase section */

/* Begin PBXSourcesBuildPhase section */
		195F748020D624DD00A8C647 /* Sources */ = {
			isa = PBXSourcesBuildPhase;
			buildActionMask = 2147483647;
			files = (
				195F748A20D624DD00A8C647 /* ViewController.swift in Sources */,
				195F748820D624DD00A8C647 /* AppDelegate.swift in Sources */,
			);
			runOnlyForDeploymentPostprocessing = 0;
		};
		195F749420D624E000A8C647 /* Sources */ = {
			isa = PBXSourcesBuildPhase;
			buildActionMask = 2147483647;
			files = (
				195F749D20D624E000A8C647 /* QLearnerDemoTests.swift in Sources */,
			);
			runOnlyForDeploymentPostprocessing = 0;
		};
/* End PBXSourcesBuildPhase section */

/* Begin PBXTargetDependency section */
		195F749A20D624E000A8C647 /* PBXTargetDependency */ = {
			isa = PBXTargetDependency;
			target = 195F748320D624DD00A8C647 /* QLearnerDemo */;
			targetProxy = 195F749920D624E000A8C647 /* PBXContainerItemProxy */;
		};
/* End PBXTargetDependency section */

/* Begin PBXVariantGroup section */
		195F748B20D624DD00A8C647 /* Main.storyboard */ = {
			isa = PBXVariantGroup;
			children = (
				195F748C20D624DD00A8C647 /* Base */,
			);
			name = Main.storyboard;
			sourceTree = "<group>";
		};
		195F749020D624E000A8C647 /* LaunchScreen.storyboard */ = {
			isa = PBXVariantGroup;
			children = (
				195F749120D624E000A8C647 /* Base */,
			);
			name = LaunchScreen.storyboard;
			sourceTree = "<group>";
		};
/* End PBXVariantGroup section */

/* Begin XCBuildConfiguration section */
		195F749F20D624E000A8C647 /* Debug */ = {
			isa = XCBuildConfiguration;
			buildSettings = {
				ALWAYS_SEARCH_USER_PATHS = NO;
				CLANG_ANALYZER_NONNULL = YES;
				CLANG_ANALYZER_NUMBER_OBJECT_CONVERSION = YES_AGGRESSIVE;
				CLANG_CXX_LANGUAGE_STANDARD = "gnu++14";
				CLANG_CXX_LIBRARY = "libc++";
				CLANG_ENABLE_MODULES = YES;
				CLANG_ENABLE_OBJC_ARC = YES;
				CLANG_ENABLE_OBJC_WEAK = YES;
				CLANG_WARN_BLOCK_CAPTURE_AUTORELEASING = YES;
				CLANG_WARN_BOOL_CONVERSION = YES;
				CLANG_WARN_COMMA = YES;
				CLANG_WARN_CONSTANT_CONVERSION = YES;
				CLANG_WARN_DEPRECATED_OBJC_IMPLEMENTATIONS = YES;
				CLANG_WARN_DIRECT_OBJC_ISA_USAGE = YES_ERROR;
				CLANG_WARN_DOCUMENTATION_COMMENTS = YES;
				CLANG_WARN_EMPTY_BODY = YES;
				CLANG_WARN_ENUM_CONVERSION = YES;
				CLANG_WARN_INFINITE_RECURSION = YES;
				CLANG_WARN_INT_CONVERSION = YES;
				CLANG_WARN_NON_LITERAL_NULL_CONVERSION = YES;
				CLANG_WARN_OBJC_IMPLICIT_RETAIN_SELF = YES;
				CLANG_WARN_OBJC_LITERAL_CONVERSION = YES;
				CLANG_WARN_OBJC_ROOT_CLASS = YES_ERROR;
				CLANG_WARN_RANGE_LOOP_ANALYSIS = YES;
				CLANG_WARN_STRICT_PROTOTYPES = YES;
				CLANG_WARN_SUSPICIOUS_MOVE = YES;
				CLANG_WARN_UNGUARDED_AVAILABILITY = YES_AGGRESSIVE;
				CLANG_WARN_UNREACHABLE_CODE = YES;
				CLANG_WARN__DUPLICATE_METHOD_MATCH = YES;
				CODE_SIGN_IDENTITY = "iPhone Developer";
				COPY_PHASE_STRIP = NO;
				DEBUG_INFORMATION_FORMAT = dwarf;
				ENABLE_STRICT_OBJC_MSGSEND = YES;
				ENABLE_TESTABILITY = YES;
				GCC_C_LANGUAGE_STANDARD = gnu11;
				GCC_DYNAMIC_NO_PIC = NO;
				GCC_NO_COMMON_BLOCKS = YES;
				GCC_OPTIMIZATION_LEVEL = 0;
				GCC_PREPROCESSOR_DEFINITIONS = (
					"DEBUG=1",
					"$(inherited)",
				);
				GCC_WARN_64_TO_32_BIT_CONVERSION = YES;
				GCC_WARN_ABOUT_RETURN_TYPE = YES_ERROR;
				GCC_WARN_UNDECLARED_SELECTOR = YES;
				GCC_WARN_UNINITIALIZED_AUTOS = YES_AGGRESSIVE;
				GCC_WARN_UNUSED_FUNCTION = YES;
				GCC_WARN_UNUSED_VARIABLE = YES;
				IPHONEOS_DEPLOYMENT_TARGET = 11.4;
				MTL_ENABLE_DEBUG_INFO = YES;
				ONLY_ACTIVE_ARCH = YES;
				SDKROOT = iphoneos;
				SWIFT_ACTIVE_COMPILATION_CONDITIONS = DEBUG;
				SWIFT_OPTIMIZATION_LEVEL = "-Onone";
			};
			name = Debug;
		};
		195F74A020D624E000A8C647 /* Release */ = {
			isa = XCBuildConfiguration;
			buildSettings = {
				ALWAYS_SEARCH_USER_PATHS = NO;
				CLANG_ANALYZER_NONNULL = YES;
				CLANG_ANALYZER_NUMBER_OBJECT_CONVERSION = YES_AGGRESSIVE;
				CLANG_CXX_LANGUAGE_STANDARD = "gnu++14";
				CLANG_CXX_LIBRARY = "libc++";
				CLANG_ENABLE_MODULES = YES;
				CLANG_ENABLE_OBJC_ARC = YES;
				CLANG_ENABLE_OBJC_WEAK = YES;
				CLANG_WARN_BLOCK_CAPTURE_AUTORELEASING = YES;
				CLANG_WARN_BOOL_CONVERSION = YES;
				CLANG_WARN_COMMA = YES;
				CLANG_WARN_CONSTANT_CONVERSION = YES;
				CLANG_WARN_DEPRECATED_OBJC_IMPLEMENTATIONS = YES;
				CLANG_WARN_DIRECT_OBJC_ISA_USAGE = YES_ERROR;
				CLANG_WARN_DOCUMENTATION_COMMENTS = YES;
				CLANG_WARN_EMPTY_BODY = YES;
				CLANG_WARN_ENUM_CONVERSION = YES;
				CLANG_WARN_INFINITE_RECURSION = YES;
				CLANG_WARN_INT_CONVERSION = YES;
				CLANG_WARN_NON_LITERAL_NULL_CONVERSION = YES;
				CLANG_WARN_OBJC_IMPLICIT_RETAIN_SELF = YES;
				CLANG_WARN_OBJC_LITERAL_CONVERSION = YES;
				CLANG_WARN_OBJC_ROOT_CLASS = YES_ERROR;
				CLANG_WARN_RANGE_LOOP_ANALYSIS = YES;
				CLANG_WARN_STRICT_PROTOTYPES = YES;
				CLANG_WARN_SUSPICIOUS_MOVE = YES;
				CLANG_WARN_UNGUARDED_AVAILABILITY = YES_AGGRESSIVE;
				CLANG_WARN_UNREACHABLE_CODE = YES;
				CLANG_WARN__DUPLICATE_METHOD_MATCH = YES;
				CODE_SIGN_IDENTITY = "iPhone Developer";
				COPY_PHASE_STRIP = NO;
				DEBUG_INFORMATION_FORMAT = "dwarf-with-dsym";
				ENABLE_NS_ASSERTIONS = NO;
				ENABLE_STRICT_OBJC_MSGSEND = YES;
				GCC_C_LANGUAGE_STANDARD = gnu11;
				GCC_NO_COMMON_BLOCKS = YES;
				GCC_WARN_64_TO_32_BIT_CONVERSION = YES;
				GCC_WARN_ABOUT_RETURN_TYPE = YES_ERROR;
				GCC_WARN_UNDECLARED_SELECTOR = YES;
				GCC_WARN_UNINITIALIZED_AUTOS = YES_AGGRESSIVE;
				GCC_WARN_UNUSED_FUNCTION = YES;
				GCC_WARN_UNUSED_VARIABLE = YES;
				IPHONEOS_DEPLOYMENT_TARGET = 11.4;
				MTL_ENABLE_DEBUG_INFO = NO;
				SDKROOT = iphoneos;
				SWIFT_COMPILATION_MODE = wholemodule;
				SWIFT_OPTIMIZATION_LEVEL = "-O";
				VALIDATE_PRODUCT = YES;
			};
			name = Release;
		};
		195F74A220D624E000A8C647 /* Debug */ = {
			isa = XCBuildConfiguration;
			buildSettings = {
				ASSETCATALOG_COMPILER_APPICON_NAME = AppIcon;
				CODE_SIGN_STYLE = Automatic;
				DEVELOPMENT_TEAM = 4TRBCXNYXG;
				INFOPLIST_FILE = QLearnerDemo/Info.plist;
				LD_RUNPATH_SEARCH_PATHS = (
					"$(inherited)",
					"@executable_path/Frameworks",
				);
				PRODUCT_BUNDLE_IDENTIFIER = com.alvinyu.QLearnerDemo;
				PRODUCT_NAME = "$(TARGET_NAME)";
				SWIFT_VERSION = 4.0;
				TARGETED_DEVICE_FAMILY = "1,2";
			};
			name = Debug;
		};
		195F74A320D624E000A8C647 /* Release */ = {
			isa = XCBuildConfiguration;
			buildSettings = {
				ASSETCATALOG_COMPILER_APPICON_NAME = AppIcon;
				CODE_SIGN_STYLE = Automatic;
				DEVELOPMENT_TEAM = 4TRBCXNYXG;
				INFOPLIST_FILE = QLearnerDemo/Info.plist;
				LD_RUNPATH_SEARCH_PATHS = (
					"$(inherited)",
					"@executable_path/Frameworks",
				);
				PRODUCT_BUNDLE_IDENTIFIER = com.alvinyu.QLearnerDemo;
				PRODUCT_NAME = "$(TARGET_NAME)";
				SWIFT_VERSION = 4.0;
				TARGETED_DEVICE_FAMILY = "1,2";
			};
			name = Release;
		};
		195F74A520D624E000A8C647 /* Debug */ = {
			isa = XCBuildConfiguration;
			buildSettings = {
				ALWAYS_EMBED_SWIFT_STANDARD_LIBRARIES = YES;
				BUNDLE_LOADER = "$(TEST_HOST)";
				CODE_SIGN_STYLE = Automatic;
				DEVELOPMENT_TEAM = 4TRBCXNYXG;
				INFOPLIST_FILE = QLearnerDemoTests/Info.plist;
				LD_RUNPATH_SEARCH_PATHS = (
					"$(inherited)",
					"@executable_path/Frameworks",
					"@loader_path/Frameworks",
				);
				PRODUCT_BUNDLE_IDENTIFIER = com.alvinyu.QLearnerDemoTests;
				PRODUCT_NAME = "$(TARGET_NAME)";
				SWIFT_VERSION = 4.0;
				TARGETED_DEVICE_FAMILY = "1,2";
				TEST_HOST = "$(BUILT_PRODUCTS_DIR)/QLearnerDemo.app/QLearnerDemo";
			};
			name = Debug;
		};
		195F74A620D624E000A8C647 /* Release */ = {
			isa = XCBuildConfiguration;
			buildSettings = {
				ALWAYS_EMBED_SWIFT_STANDARD_LIBRARIES = YES;
				BUNDLE_LOADER = "$(TEST_HOST)";
				CODE_SIGN_STYLE = Automatic;
				DEVELOPMENT_TEAM = 4TRBCXNYXG;
				INFOPLIST_FILE = QLearnerDemoTests/Info.plist;
				LD_RUNPATH_SEARCH_PATHS = (
					"$(inherited)",
					"@executable_path/Frameworks",
					"@loader_path/Frameworks",
				);
				PRODUCT_BUNDLE_IDENTIFIER = com.alvinyu.QLearnerDemoTests;
				PRODUCT_NAME = "$(TARGET_NAME)";
				SWIFT_VERSION = 4.0;
				TARGETED_DEVICE_FAMILY = "1,2";
				TEST_HOST = "$(BUILT_PRODUCTS_DIR)/QLearnerDemo.app/QLearnerDemo";
			};
			name = Release;
		};
/* End XCBuildConfiguration section */

/* Begin XCConfigurationList section */
		195F747F20D624DD00A8C647 /* Build configuration list for PBXProject "QLearnerDemo" */ = {
			isa = XCConfigurationList;
			buildConfigurations = (
				195F749F20D624E000A8C647 /* Debug */,
				195F74A020D624E000A8C647 /* Release */,
			);
			defaultConfigurationIsVisible = 0;
			defaultConfigurationName = Release;
		};
		195F74A120D624E000A8C647 /* Build configuration list for PBXNativeTarget "QLearnerDemo" */ = {
			isa = XCConfigurationList;
			buildConfigurations = (
				195F74A220D624E000A8C647 /* Debug */,
				195F74A320D624E000A8C647 /* Release */,
			);
			defaultConfigurationIsVisible = 0;
			defaultConfigurationName = Release;
		};
		195F74A420D624E000A8C647 /* Build configuration list for PBXNativeTarget "QLearnerDemoTests" */ = {
			isa = XCConfigurationList;
			buildConfigurations = (
				195F74A520D624E000A8C647 /* Debug */,
				195F74A620D624E000A8C647 /* Release */,
			);
			defaultConfigurationIsVisible = 0;
			defaultConfigurationName = Release;
		};
/* End XCConfigurationList section */
	};
	rootObject = 195F747C20D624DD00A8C647 /* Project object */;
}
